
Microsoft Visual Studio Solution File, Format Version 12.00
# Visual Studio Version 17
VisualStudioVersion = 17.8.34330.188
MinimumVisualStudioVersion = 10.0.40219.1
Project("{FAE04EC0-301F-11D3-BF4B-00C04F79EFBC}") = "BlazorShop.web", "BlazorShop.web\BlazorShop.web.csproj", "{F7C35481-562B-4B95-9F38-E004A400C3D6}"
EndProject
Project("{FAE04EC0-301F-11D3-BF4B-00C04F79EFBC}") = "BlazorShop.Api", "BlazorShop.Api\BlazorShop.Api.csproj", "{621AF91A-3700-44E1-8B1B-0EE7BD8E094C}"
EndProject
Project("{FAE04EC0-301F-11D3-BF4B-00C04F79EFBC}") = "BrazorShop.Models", "BrazorShop.Models\BrazorShop.Models.csproj", "{71FF70D9-334D-453A-965E-8A5C3ED4F1D6}"
EndProject
Global
	GlobalSection(SolutionConfigurationPlatforms) = preSolution
		Debug|Any CPU = Debug|Any CPU
		Release|Any CPU = Release|Any CPU
	EndGlobalSection
	GlobalSection(ProjectConfigurationPlatforms) = postSolution
		{F7C35481-562B-4B95-9F38-E004A400C3D6}.Debug|Any CPU.ActiveCfg = Debug|Any CPU
		{F7C35481-562B-4B95-9F38-E004A400C3D6}.Debug|Any CPU.Build.0 = Debug|Any CPU
		{F7C35481-562B-4B95-9F38-E004A400C3D6}.Release|Any CPU.ActiveCfg = Release|Any CPU
		{F7C35481-562B-4B95-9F38-E004A400C3D6}.Release|Any CPU.Build.0 = Release|Any CPU
		{621AF91A-3700-44E1-8B1B-0EE7BD8E094C}.Debug|Any CPU.ActiveCfg = Debug|Any CPU
		{621AF91A-3700-44E1-8B1B-0EE7BD8E094C}.Debug|Any CPU.Build.0 = Debug|Any CPU
		{621AF91A-3700-44E1-8B1B-0EE7BD8E094C}.Release|Any CPU.ActiveCfg = Release|Any CPU
		{621AF91A-3700-44E1-8B1B-0EE7BD8E094C}.Release|Any CPU.Build.0 = Release|Any CPU
		{71FF70D9-334D-453A-965E-8A5C3ED4F1D6}.Debug|Any CPU.ActiveCfg = Debug|Any CPU
		{71FF70D9-334D-453A-965E-8A5C3ED4F1D6}.Debug|Any CPU.Build.0 = Debug|Any CPU
		{71FF70D9-334D-453A-965E-8A5C3ED4F1D6}.Release|Any CPU.ActiveCfg = Release|Any CPU
		{71FF70D9-334D-453A-965E-8A5C3ED4F1D6}.Release|Any CPU.Build.0 = Release|Any CPU
	EndGlobalSection
	GlobalSection(SolutionProperties) = preSolution
		HideSolutionNode = FALSE
	EndGlobalSection
	GlobalSection(ExtensibilityGlobals) = postSolution
		SolutionGuid = {A2BF2194-3A0E-426D-B31E-98DD8BC403FE}
	EndGlobalSection
EndGlobal
